
Microsoft Visual Studio Solution File, Format Version 12.00
# Visual Studio Version 16
VisualStudioVersion = 16.0.29326.143
MinimumVisualStudioVersion = 10.0.40219.1
Project("{FAE04EC0-301F-11D3-BF4B-00C04F79EFBC}") = "laba2", "laba2\laba2.csproj", "{6C67AA06-4D74-40F6-BB00-DA371687F73A}"
EndProject
Project("{FAE04EC0-301F-11D3-BF4B-00C04F79EFBC}") = "TestParser", "TestParser\TestParser.csproj", "{A6EF724D-2C6D-4DE4-983B-740261CF969D}"
EndProject
Project("{FAE04EC0-301F-11D3-BF4B-00C04F79EFBC}") = "ParserTestTrueFasle", "ParserTestErrorsTrueFasle\ParserTestTrueFasle.csproj", "{330BB988-2650-468D-B0CD-5E37803D7680}"
EndProject
Project("{FAE04EC0-301F-11D3-BF4B-00C04F79EFBC}") = "TestErrors", "TestErrors\TestErrors.csproj", "{417ACBED-CA50-480C-A92F-CD6B500EB4E5}"
EndProject
Project("{FAE04EC0-301F-11D3-BF4B-00C04F79EFBC}") = "CellNameTest", "CellNameTest\CellNameTest.csproj", "{7D824633-5637-47DA-ABFA-8558A7BB5896}"
EndProject
Global
	GlobalSection(SolutionConfigurationPlatforms) = preSolution
		Debug|Any CPU = Debug|Any CPU
		Release|Any CPU = Release|Any CPU
	EndGlobalSection
	GlobalSection(ProjectConfigurationPlatforms) = postSolution
		{6C67AA06-4D74-40F6-BB00-DA371687F73A}.Debug|Any CPU.ActiveCfg = Debug|Any CPU
		{6C67AA06-4D74-40F6-BB00-DA371687F73A}.Debug|Any CPU.Build.0 = Debug|Any CPU
		{6C67AA06-4D74-40F6-BB00-DA371687F73A}.Release|Any CPU.ActiveCfg = Release|Any CPU
		{6C67AA06-4D74-40F6-BB00-DA371687F73A}.Release|Any CPU.Build.0 = Release|Any CPU
		{A6EF724D-2C6D-4DE4-983B-740261CF969D}.Debug|Any CPU.ActiveCfg = Debug|Any CPU
		{A6EF724D-2C6D-4DE4-983B-740261CF969D}.Debug|Any CPU.Build.0 = Debug|Any CPU
		{A6EF724D-2C6D-4DE4-983B-740261CF969D}.Release|Any CPU.ActiveCfg = Release|Any CPU
		{A6EF724D-2C6D-4DE4-983B-740261CF969D}.Release|Any CPU.Build.0 = Release|Any CPU
		{330BB988-2650-468D-B0CD-5E37803D7680}.Debug|Any CPU.ActiveCfg = Debug|Any CPU
		{330BB988-2650-468D-B0CD-5E37803D7680}.Debug|Any CPU.Build.0 = Debug|Any CPU
		{330BB988-2650-468D-B0CD-5E37803D7680}.Release|Any CPU.ActiveCfg = Release|Any CPU
		{330BB988-2650-468D-B0CD-5E37803D7680}.Release|Any CPU.Build.0 = Release|Any CPU
		{417ACBED-CA50-480C-A92F-CD6B500EB4E5}.Debug|Any CPU.ActiveCfg = Debug|Any CPU
		{417ACBED-CA50-480C-A92F-CD6B500EB4E5}.Debug|Any CPU.Build.0 = Debug|Any CPU
		{417ACBED-CA50-480C-A92F-CD6B500EB4E5}.Release|Any CPU.ActiveCfg = Release|Any CPU
		{417ACBED-CA50-480C-A92F-CD6B500EB4E5}.Release|Any CPU.Build.0 = Release|Any CPU
		{7D824633-5637-47DA-ABFA-8558A7BB5896}.Debug|Any CPU.ActiveCfg = Debug|Any CPU
		{7D824633-5637-47DA-ABFA-8558A7BB5896}.Debug|Any CPU.Build.0 = Debug|Any CPU
		{7D824633-5637-47DA-ABFA-8558A7BB5896}.Release|Any CPU.ActiveCfg = Release|Any CPU
		{7D824633-5637-47DA-ABFA-8558A7BB5896}.Release|Any CPU.Build.0 = Release|Any CPU
	EndGlobalSection
	GlobalSection(SolutionProperties) = preSolution
		HideSolutionNode = FALSE
	EndGlobalSection
	GlobalSection(ExtensibilityGlobals) = postSolution
		SolutionGuid = {A3B678E9-8BA0-466F-9BC4-7170B0191547}
	EndGlobalSection
EndGlobal
